
Microsoft Visual Studio Solution File, Format Version 12.00
# Visual Studio Version 17
VisualStudioVersion = 17.10.35122.118
MinimumVisualStudioVersion = 10.0.40219.1
Project("{FAE04EC0-301F-11D3-BF4B-00C04F79EFBC}") = "WinFormsApp1", "WinFormsApp1\WinFormsApp1.csproj", "{C6EFE55F-EEC7-4731-B447-40A1D4BA9C0E}"
EndProject
Global
	GlobalSection(SolutionConfigurationPlatforms) = preSolution
		Debug|Any CPU = Debug|Any CPU
		Release|Any CPU = Release|Any CPU
	EndGlobalSection
	GlobalSection(ProjectConfigurationPlatforms) = postSolution
		{C6EFE55F-EEC7-4731-B447-40A1D4BA9C0E}.Debug|Any CPU.ActiveCfg = Debug|Any CPU
		{C6EFE55F-EEC7-4731-B447-40A1D4BA9C0E}.Debug|Any CPU.Build.0 = Debug|Any CPU
		{C6EFE55F-EEC7-4731-B447-40A1D4BA9C0E}.Release|Any CPU.ActiveCfg = Release|Any CPU
		{C6EFE55F-EEC7-4731-B447-40A1D4BA9C0E}.Release|Any CPU.Build.0 = Release|Any CPU
	EndGlobalSection
	GlobalSection(SolutionProperties) = preSolution
		HideSolutionNode = FALSE
	EndGlobalSection
	GlobalSection(ExtensibilityGlobals) = postSolution
		SolutionGuid = {0799A5F4-1D03-450F-A05A-3622B5DE65AA}
	EndGlobalSection
EndGlobal
